
Microsoft Visual Studio Solution File, Format Version 12.00
# Visual Studio Version 16
VisualStudioVersion = 16.0.31321.278
MinimumVisualStudioVersion = 10.0.40219.1
Project("{FAE04EC0-301F-11D3-BF4B-00C04F79EFBC}") = "PhotonServerDemo", "PhotonServerDemo.csproj", "{6649F81D-8EBA-4734-8928-6870C48DFF6D}"
EndProject
Project("{FAE04EC0-301F-11D3-BF4B-00C04F79EFBC}") = "Common", "..\Commo\Common.csproj", "{8660A69A-2A83-40CD-A771-D1EFC1190DF4}"
EndProject
Global
	GlobalSection(SolutionConfigurationPlatforms) = preSolution
		Debug|Any CPU = Debug|Any CPU
		Release|Any CPU = Release|Any CPU
	EndGlobalSection
	GlobalSection(ProjectConfigurationPlatforms) = postSolution
		{6649F81D-8EBA-4734-8928-6870C48DFF6D}.Debug|Any CPU.ActiveCfg = Debug|Any CPU
		{6649F81D-8EBA-4734-8928-6870C48DFF6D}.Debug|Any CPU.Build.0 = Debug|Any CPU
		{6649F81D-8EBA-4734-8928-6870C48DFF6D}.Release|Any CPU.ActiveCfg = Release|Any CPU
		{6649F81D-8EBA-4734-8928-6870C48DFF6D}.Release|Any CPU.Build.0 = Release|Any CPU
		{8660A69A-2A83-40CD-A771-D1EFC1190DF4}.Debug|Any CPU.ActiveCfg = Debug|Any CPU
		{8660A69A-2A83-40CD-A771-D1EFC1190DF4}.Debug|Any CPU.Build.0 = Debug|Any CPU
		{8660A69A-2A83-40CD-A771-D1EFC1190DF4}.Release|Any CPU.ActiveCfg = Release|Any CPU
		{8660A69A-2A83-40CD-A771-D1EFC1190DF4}.Release|Any CPU.Build.0 = Release|Any CPU
	EndGlobalSection
	GlobalSection(SolutionProperties) = preSolution
		HideSolutionNode = FALSE
	EndGlobalSection
	GlobalSection(ExtensibilityGlobals) = postSolution
		SolutionGuid = {1C120A8D-E510-45ED-B172-0DE5ED71C744}
	EndGlobalSection
EndGlobal
